{
  "version": 4,
  "terraform_version": "0.12.24",
  "serial": 21,
  "lineage": "a0a7c5ce-a497-d839-d049-b28db3f7856c",
  "outputs": {
    "ip": {
      "value": "35.222.225.72",
      "type": "string"
    }
  },
  "resources": [
    {
      "mode": "managed",
      "type": "google_compute_instance",
      "name": "default",
      "provider": "provider.google",
      "instances": [
        {
          "schema_version": 6,
          "attributes": {
            "allow_stopping_for_update": null,
            "attached_disk": [],
            "boot_disk": [
              {
                "auto_delete": true,
                "device_name": "persistent-disk-0",
                "disk_encryption_key_raw": "",
                "disk_encryption_key_sha256": "",
                "initialize_params": [
                  {
                    "image": "https://www.googleapis.com/compute/v1/projects/debian-cloud/global/images/debian-9-stretch-v20200309",
                    "labels": {},
                    "size": 10,
                    "type": "pd-standard"
                  }
                ],
                "kms_key_self_link": "",
                "mode": "READ_WRITE",
                "source": "https://www.googleapis.com/compute/v1/projects/cryptojellyfish/zones/us-central1-a/disks/geth-master-69b122667d0c295a"
              }
            ],
            "can_ip_forward": false,
            "cpu_platform": "Intel Haswell",
            "current_status": "RUNNING",
            "deletion_protection": false,
            "description": "",
            "desired_status": null,
            "enable_display": false,
            "guest_accelerator": [],
            "hostname": "",
            "id": "projects/cryptojellyfish/zones/us-central1-a/instances/geth-master-69b122667d0c295a",
            "instance_id": "5399723239907815103",
            "label_fingerprint": "42WmSpB8rSM=",
            "labels": null,
            "machine_type": "f1-micro",
            "metadata": null,
            "metadata_fingerprint": "JcfzONP5_-Q=",
            "metadata_startup_script": "",
            "min_cpu_platform": "",
            "name": "geth-master-69b122667d0c295a",
            "network_interface": [
              {
                "access_config": [
                  {
                    "nat_ip": "35.222.225.72",
                    "network_tier": "PREMIUM",
                    "public_ptr_domain_name": ""
                  }
                ],
                "alias_ip_range": [],
                "name": "nic0",
                "network": "https://www.googleapis.com/compute/v1/projects/cryptojellyfish/global/networks/default",
                "network_ip": "10.128.0.4",
                "subnetwork": "https://www.googleapis.com/compute/v1/projects/cryptojellyfish/regions/us-central1/subnetworks/default",
                "subnetwork_project": "cryptojellyfish"
              }
            ],
            "project": "cryptojellyfish",
            "scheduling": [
              {
                "automatic_restart": true,
                "node_affinities": [],
                "on_host_maintenance": "MIGRATE",
                "preemptible": false
              }
            ],
            "scratch_disk": [],
            "self_link": "https://www.googleapis.com/compute/v1/projects/cryptojellyfish/zones/us-central1-a/instances/geth-master-69b122667d0c295a",
            "service_account": [],
            "shielded_instance_config": [],
            "tags": null,
            "tags_fingerprint": "42WmSpB8rSM=",
            "timeouts": null,
            "zone": "us-central1-a"
          },
          "private": "eyJlMmJmYjczMC1lY2FhLTExZTYtOGY4OC0zNDM2M2JjN2M0YzAiOnsiY3JlYXRlIjoxMjAwMDAwMDAwMDAwLCJkZWxldGUiOjEyMDAwMDAwMDAwMDAsInVwZGF0ZSI6MTIwMDAwMDAwMDAwMH0sInNjaGVtYV92ZXJzaW9uIjoiNiJ9",
          "dependencies": [
            "random_id.instance_id"
          ]
        }
      ]
    },
    {
      "mode": "managed",
      "type": "google_dns_managed_zone",
      "name": "main",
      "provider": "provider.google",
      "instances": [
        {
          "schema_version": 0,
          "attributes": {
            "description": "Example DNS zone",
            "dns_name": "cryptojellyfish.com.",
            "dnssec_config": [],
            "id": "projects/cryptojellyfish/managedZones/cryptojellyfish-zone",
            "labels": null,
            "name": "cryptojellyfish-zone",
            "name_servers": [
              "ns-cloud-d1.googledomains.com.",
              "ns-cloud-d2.googledomains.com.",
              "ns-cloud-d3.googledomains.com.",
              "ns-cloud-d4.googledomains.com."
            ],
            "private_visibility_config": [],
            "project": "cryptojellyfish",
            "timeouts": null,
            "visibility": "public"
          },
          "private": "eyJlMmJmYjczMC1lY2FhLTExZTYtOGY4OC0zNDM2M2JjN2M0YzAiOnsiY3JlYXRlIjoyNDAwMDAwMDAwMDAsImRlbGV0ZSI6MjQwMDAwMDAwMDAwLCJ1cGRhdGUiOjI0MDAwMDAwMDAwMH19"
        }
      ]
    },
    {
      "mode": "managed",
      "type": "google_dns_record_set",
      "name": "jenkins",
      "provider": "provider.google",
      "instances": [
        {
          "schema_version": 0,
          "attributes": {
            "id": "cryptojellyfish-zone/jenkins.cryptojellyfish.com./A",
            "managed_zone": "cryptojellyfish-zone",
            "name": "jenkins.cryptojellyfish.com.",
            "project": "cryptojellyfish",
            "rrdatas": [
              "35.222.225.72"
            ],
            "ttl": 300,
            "type": "A"
          },
          "private": "bnVsbA==",
          "dependencies": [
            "google_compute_instance.default",
            "google_dns_managed_zone.main",
            "random_id.instance_id"
          ]
        }
      ]
    },
    {
      "mode": "managed",
      "type": "random_id",
      "name": "instance_id",
      "provider": "provider.random",
      "instances": [
        {
          "schema_version": 0,
          "attributes": {
            "b64": "abEiZn0MKVo",
            "b64_std": "abEiZn0MKVo=",
            "b64_url": "abEiZn0MKVo",
            "byte_length": 8,
            "dec": "7615906268440176986",
            "hex": "69b122667d0c295a",
            "id": "abEiZn0MKVo",
            "keepers": null,
            "prefix": null
          },
          "private": "bnVsbA=="
        }
      ]
    }
  ]
}
